// !$*UTF8*$!
{
	archiveVersion = 1;
	classes = {
	};
	objectVersion = 46;
	objects = {

/* Begin PBXBuildFile section */
		D088E72E1CB2E7F800EECDB3 /* AppDelegate.swift in Sources */ = {isa = PBXBuildFile; fileRef = D088E72D1CB2E7F800EECDB3 /* AppDelegate.swift */; };
		D088E7301CB2E7F800EECDB3 /* ViewController.swift in Sources */ = {isa = PBXBuildFile; fileRef = D088E72F1CB2E7F800EECDB3 /* ViewController.swift */; };
		D088E7331CB2E7F800EECDB3 /* Main.storyboard in Resources */ = {isa = PBXBuildFile; fileRef = D088E7311CB2E7F800EECDB3 /* Main.storyboard */; };
		D088E7351CB2E7F800EECDB3 /* Assets.xcassets in Resources */ = {isa = PBXBuildFile; fileRef = D088E7341CB2E7F800EECDB3 /* Assets.xcassets */; };
		D088E7381CB2E7F800EECDB3 /* LaunchScreen.storyboard in Resources */ = {isa = PBXBuildFile; fileRef = D088E7361CB2E7F800EECDB3 /* LaunchScreen.storyboard */; };
		D088E7431CB2E7F800EECDB3 /* PokedexFinalTests.swift in Sources */ = {isa = PBXBuildFile; fileRef = D088E7421CB2E7F800EECDB3 /* PokedexFinalTests.swift */; };
/* End PBXBuildFile section */

/* Begin PBXContainerItemProxy section */
		D088E73F1CB2E7F800EECDB3 /* PBXContainerItemProxy */ = {
			isa = PBXContainerItemProxy;
			containerPortal = D088E7221CB2E7F800EECDB3 /* Project object */;
			proxyType = 1;
			remoteGlobalIDString = D088E7291CB2E7F800EECDB3;
			remoteInfo = PokedexFinal;
		};
/* End PBXContainerItemProxy section */

/* Begin PBXFileReference section */
		D088E72A1CB2E7F800EECDB3 /* PokedexFinal.app */ = {isa = PBXFileReference; explicitFileType = wrapper.application; includeInIndex = 0; path = PokedexFinal.app; sourceTree = BUILT_PRODUCTS_DIR; };
		D088E72D1CB2E7F800EECDB3 /* AppDelegate.swift */ = {isa = PBXFileReference; lastKnownFileType = sourcecode.swift; path = AppDelegate.swift; sourceTree = "<group>"; };
		D088E72F1CB2E7F800EECDB3 /* ViewController.swift */ = {isa = PBXFileReference; lastKnownFileType = sourcecode.swift; path = ViewController.swift; sourceTree = "<group>"; };
		D088E7321CB2E7F800EECDB3 /* Base */ = {isa = PBXFileReference; lastKnownFileType = file.storyboard; name = Base; path = Base.lproj/Main.storyboard; sourceTree = "<group>"; };
		D088E7341CB2E7F800EECDB3 /* Assets.xcassets */ = {isa = PBXFileReference; lastKnownFileType = folder.assetcatalog; path = Assets.xcassets; sourceTree = "<group>"; };
		D088E7371CB2E7F800EECDB3 /* Base */ = {isa = PBXFileReference; lastKnownFileType = file.storyboard; name = Base; path = Base.lproj/LaunchScreen.storyboard; sourceTree = "<group>"; };
		D088E7391CB2E7F800EECDB3 /* Info.plist */ = {isa = PBXFileReference; lastKnownFileType = text.plist.xml; path = Info.plist; sourceTree = "<group>"; };
		D088E73E1CB2E7F800EECDB3 /* PokedexFinalTests.xctest */ = {isa = PBXFileReference; explicitFileType = wrapper.cfbundle; includeInIndex = 0; path = PokedexFinalTests.xctest; sourceTree = BUILT_PRODUCTS_DIR; };
		D088E7421CB2E7F800EECDB3 /* PokedexFinalTests.swift */ = {isa = PBXFileReference; lastKnownFileType = sourcecode.swift; path = PokedexFinalTests.swift; sourceTree = "<group>"; };
		D088E7441CB2E7F800EECDB3 /* Info.plist */ = {isa = PBXFileReference; lastKnownFileType = text.plist.xml; path = Info.plist; sourceTree = "<group>"; };
/* End PBXFileReference section */

/* Begin PBXFrameworksBuildPhase section */
		D088E7271CB2E7F800EECDB3 /* Frameworks */ = {
			isa = PBXFrameworksBuildPhase;
			buildActionMask = 2147483647;
			files = (
			);
			runOnlyForDeploymentPostprocessing = 0;
		};
		D088E73B1CB2E7F800EECDB3 /* Frameworks */ = {
			isa = PBXFrameworksBuildPhase;
			buildActionMask = 2147483647;
			files = (
			);
			runOnlyForDeploymentPostprocessing = 0;
		};
/* End PBXFrameworksBuildPhase section */

/* Begin PBXGroup section */
		D088E7211CB2E7F800EECDB3 = {
			isa = PBXGroup;
			children = (
				D088E72C1CB2E7F800EECDB3 /* PokedexFinal */,
				D088E7411CB2E7F800EECDB3 /* PokedexFinalTests */,
				D088E72B1CB2E7F800EECDB3 /* Products */,
			);
			sourceTree = "<group>";
		};
		D088E72B1CB2E7F800EECDB3 /* Products */ = {
			isa = PBXGroup;
			children = (
				D088E72A1CB2E7F800EECDB3 /* PokedexFinal.app */,
				D088E73E1CB2E7F800EECDB3 /* PokedexFinalTests.xctest */,
			);
			name = Products;
			sourceTree = "<group>";
		};
		D088E72C1CB2E7F800EECDB3 /* PokedexFinal */ = {
			isa = PBXGroup;
			children = (
				D088E72D1CB2E7F800EECDB3 /* AppDelegate.swift */,
				D088E72F1CB2E7F800EECDB3 /* ViewController.swift */,
				D088E7311CB2E7F800EECDB3 /* Main.storyboard */,
				D088E7341CB2E7F800EECDB3 /* Assets.xcassets */,
				D088E7361CB2E7F800EECDB3 /* LaunchScreen.storyboard */,
				D088E7391CB2E7F800EECDB3 /* Info.plist */,
			);
			path = PokedexFinal;
			sourceTree = "<group>";
		};
		D088E7411CB2E7F800EECDB3 /* PokedexFinalTests */ = {
			isa = PBXGroup;
			children = (
				D088E7421CB2E7F800EECDB3 /* PokedexFinalTests.swift */,
				D088E7441CB2E7F800EECDB3 /* Info.plist */,
			);
			path = PokedexFinalTests;
			sourceTree = "<group>";
		};
/* End PBXGroup section */

/* Begin PBXNativeTarget section */
		D088E7291CB2E7F800EECDB3 /* PokedexFinal */ = {
			isa = PBXNativeTarget;
			buildConfigurationList = D088E7471CB2E7F800EECDB3 /* Build configuration list for PBXNativeTarget "PokedexFinal" */;
			buildPhases = (
				D088E7261CB2E7F800EECDB3 /* Sources */,
				D088E7271CB2E7F800EECDB3 /* Frameworks */,
				D088E7281CB2E7F800EECDB3 /* Resources */,
			);
			buildRules = (
			);
			dependencies = (
			);
			name = PokedexFinal;
			productName = PokedexFinal;
			productReference = D088E72A1CB2E7F800EECDB3 /* PokedexFinal.app */;
			productType = "com.apple.product-type.application";
		};
		D088E73D1CB2E7F800EECDB3 /* PokedexFinalTests */ = {
			isa = PBXNativeTarget;
			buildConfigurationList = D088E74A1CB2E7F800EECDB3 /* Build configuration list for PBXNativeTarget "PokedexFinalTests" */;
			buildPhases = (
				D088E73A1CB2E7F800EECDB3 /* Sources */,
				D088E73B1CB2E7F800EECDB3 /* Frameworks */,
				D088E73C1CB2E7F800EECDB3 /* Resources */,
			);
			buildRules = (
			);
			dependencies = (
				D088E7401CB2E7F800EECDB3 /* PBXTargetDependency */,
			);
			name = PokedexFinalTests;
			productName = PokedexFinalTests;
			productReference = D088E73E1CB2E7F800EECDB3 /* PokedexFinalTests.xctest */;
			productType = "com.apple.product-type.bundle.unit-test";
		};
/* End PBXNativeTarget section */

/* Begin PBXProject section */
		D088E7221CB2E7F800EECDB3 /* Project object */ = {
			isa = PBXProject;
			attributes = {
				LastSwiftUpdateCheck = 0730;
				LastUpgradeCheck = 0730;
				ORGANIZATIONNAME = "Charles Harring";
				TargetAttributes = {
					D088E7291CB2E7F800EECDB3 = {
						CreatedOnToolsVersion = 7.3;
					};
					D088E73D1CB2E7F800EECDB3 = {
						CreatedOnToolsVersion = 7.3;
						TestTargetID = D088E7291CB2E7F800EECDB3;
					};
				};
			};
			buildConfigurationList = D088E7251CB2E7F800EECDB3 /* Build configuration list for PBXProject "PokedexFinal" */;
			compatibilityVersion = "Xcode 3.2";
			developmentRegion = English;
			hasScannedForEncodings = 0;
			knownRegions = (
				en,
				Base,
			);
			mainGroup = D088E7211CB2E7F800EECDB3;
			productRefGroup = D088E72B1CB2E7F800EECDB3 /* Products */;
			projectDirPath = "";
			projectRoot = "";
			targets = (
				D088E7291CB2E7F800EECDB3 /* PokedexFinal */,
				D088E73D1CB2E7F800EECDB3 /* PokedexFinalTests */,
			);
		};
/* End PBXProject section */

/* Begin PBXResourcesBuildPhase section */
		D088E7281CB2E7F800EECDB3 /* Resources */ = {
			isa = PBXResourcesBuildPhase;
			buildActionMask = 2147483647;
			files = (
				D088E7381CB2E7F800EECDB3 /* LaunchScreen.storyboard in Resources */,
				D088E7351CB2E7F800EECDB3 /* Assets.xcassets in Resources */,
				D088E7331CB2E7F800EECDB3 /* Main.storyboard in Resources */,
			);
			runOnlyForDeploymentPostprocessing = 0;
		};
		D088E73C1CB2E7F800EECDB3 /* Resources */ = {
			isa = PBXResourcesBuildPhase;
			buildActionMask = 2147483647;
			files = (
			);
			runOnlyForDeploymentPostprocessing = 0;
		};
/* End PBXResourcesBuildPhase section */

/* Begin PBXSourcesBuildPhase section */
		D088E7261CB2E7F800EECDB3 /* Sources */ = {
			isa = PBXSourcesBuildPhase;
			buildActionMask = 2147483647;
			files = (
				D088E7301CB2E7F800EECDB3 /* ViewController.swift in Sources */,
				D088E72E1CB2E7F800EECDB3 /* AppDelegate.swift in Sources */,
			);
			runOnlyForDeploymentPostprocessing = 0;
		};
		D088E73A1CB2E7F800EECDB3 /* Sources */ = {
			isa = PBXSourcesBuildPhase;
			buildActionMask = 2147483647;
			files = (
				D088E7431CB2E7F800EECDB3 /* PokedexFinalTests.swift in Sources */,
			);
			runOnlyForDeploymentPostprocessing = 0;
		};
/* End PBXSourcesBuildPhase section */

/* Begin PBXTargetDependency section */
		D088E7401CB2E7F800EECDB3 /* PBXTargetDependency */ = {
			isa = PBXTargetDependency;
			target = D088E7291CB2E7F800EECDB3 /* PokedexFinal */;
			targetProxy = D088E73F1CB2E7F800EECDB3 /* PBXContainerItemProxy */;
		};
/* End PBXTargetDependency section */

/* Begin PBXVariantGroup section */
		D088E7311CB2E7F800EECDB3 /* Main.storyboard */ = {
			isa = PBXVariantGroup;
			children = (
				D088E7321CB2E7F800EECDB3 /* Base */,
			);
			name = Main.storyboard;
			sourceTree = "<group>";
		};
		D088E7361CB2E7F800EECDB3 /* LaunchScreen.storyboard */ = {
			isa = PBXVariantGroup;
			children = (
				D088E7371CB2E7F800EECDB3 /* Base */,
			);
			name = LaunchScreen.storyboard;
			sourceTree = "<group>";
		};
/* End PBXVariantGroup section */

/* Begin XCBuildConfiguration section */
		D088E7451CB2E7F800EECDB3 /* Debug */ = {
			isa = XCBuildConfiguration;
			buildSettings = {
				ALWAYS_SEARCH_USER_PATHS = NO;
				CLANG_ANALYZER_NONNULL = YES;
				CLANG_CXX_LANGUAGE_STANDARD = "gnu++0x";
				CLANG_CXX_LIBRARY = "libc++";
				CLANG_ENABLE_MODULES = YES;
				CLANG_ENABLE_OBJC_ARC = YES;
				CLANG_WARN_BOOL_CONVERSION = YES;
				CLANG_WARN_CONSTANT_CONVERSION = YES;
				CLANG_WARN_DIRECT_OBJC_ISA_USAGE = YES_ERROR;
				CLANG_WARN_EMPTY_BODY = YES;
				CLANG_WARN_ENUM_CONVERSION = YES;
				CLANG_WARN_INT_CONVERSION = YES;
				CLANG_WARN_OBJC_ROOT_CLASS = YES_ERROR;
				CLANG_WARN_UNREACHABLE_CODE = YES;
				CLANG_WARN__DUPLICATE_METHOD_MATCH = YES;
				"CODE_SIGN_IDENTITY[sdk=iphoneos*]" = "iPhone Developer";
				COPY_PHASE_STRIP = NO;
				DEBUG_INFORMATION_FORMAT = dwarf;
				ENABLE_STRICT_OBJC_MSGSEND = YES;
				ENABLE_TESTABILITY = YES;
				GCC_C_LANGUAGE_STANDARD = gnu99;
				GCC_DYNAMIC_NO_PIC = NO;
				GCC_NO_COMMON_BLOCKS = YES;
				GCC_OPTIMIZATION_LEVEL = 0;
				GCC_PREPROCESSOR_DEFINITIONS = (
					"DEBUG=1",
					"$(inherited)",
				);
				GCC_WARN_64_TO_32_BIT_CONVERSION = YES;
				GCC_WARN_ABOUT_RETURN_TYPE = YES_ERROR;
				GCC_WARN_UNDECLARED_SELECTOR = YES;
				GCC_WARN_UNINITIALIZED_AUTOS = YES_AGGRESSIVE;
				GCC_WARN_UNUSED_FUNCTION = YES;
				GCC_WARN_UNUSED_VARIABLE = YES;
				IPHONEOS_DEPLOYMENT_TARGET = 9.3;
				MTL_ENABLE_DEBUG_INFO = YES;
				ONLY_ACTIVE_ARCH = YES;
				SDKROOT = iphoneos;
				SWIFT_OPTIMIZATION_LEVEL = "-Onone";
			};
			name = Debug;
		};
		D088E7461CB2E7F800EECDB3 /* Release */ = {
			isa = XCBuildConfiguration;
			buildSettings = {
				ALWAYS_SEARCH_USER_PATHS = NO;
				CLANG_ANALYZER_NONNULL = YES;
				CLANG_CXX_LANGUAGE_STANDARD = "gnu++0x";
				CLANG_CXX_LIBRARY = "libc++";
				CLANG_ENABLE_MODULES = YES;
				CLANG_ENABLE_OBJC_ARC = YES;
				CLANG_WARN_BOOL_CONVERSION = YES;
				CLANG_WARN_CONSTANT_CONVERSION = YES;
				CLANG_WARN_DIRECT_OBJC_ISA_USAGE = YES_ERROR;
				CLANG_WARN_EMPTY_BODY = YES;
				CLANG_WARN_ENUM_CONVERSION = YES;
				CLANG_WARN_INT_CONVERSION = YES;
				CLANG_WARN_OBJC_ROOT_CLASS = YES_ERROR;
				CLANG_WARN_UNREACHABLE_CODE = YES;
				CLANG_WARN__DUPLICATE_METHOD_MATCH = YES;
				"CODE_SIGN_IDENTITY[sdk=iphoneos*]" = "iPhone Developer";
				COPY_PHASE_STRIP = NO;
				DEBUG_INFORMATION_FORMAT = "dwarf-with-dsym";
				ENABLE_NS_ASSERTIONS = NO;
				ENABLE_STRICT_OBJC_MSGSEND = YES;
				GCC_C_LANGUAGE_STANDARD = gnu99;
				GCC_NO_COMMON_BLOCKS = YES;
				GCC_WARN_64_TO_32_BIT_CONVERSION = YES;
				GCC_WARN_ABOUT_RETURN_TYPE = YES_ERROR;
				GCC_WARN_UNDECLARED_SELECTOR = YES;
				GCC_WARN_UNINITIALIZED_AUTOS = YES_AGGRESSIVE;
				GCC_WARN_UNUSED_FUNCTION = YES;
				GCC_WARN_UNUSED_VARIABLE = YES;
				IPHONEOS_DEPLOYMENT_TARGET = 9.3;
				MTL_ENABLE_DEBUG_INFO = NO;
				SDKROOT = iphoneos;
				VALIDATE_PRODUCT = YES;
			};
			name = Release;
		};
		D088E7481CB2E7F800EECDB3 /* Debug */ = {
			isa = XCBuildConfiguration;
			buildSettings = {
				ASSETCATALOG_COMPILER_APPICON_NAME = AppIcon;
				INFOPLIST_FILE = PokedexFinal/Info.plist;
				LD_RUNPATH_SEARCH_PATHS = "$(inherited) @executable_path/Frameworks";
				PRODUCT_BUNDLE_IDENTIFIER = treen9neTechnology.PokedexFinal;
				PRODUCT_NAME = "$(TARGET_NAME)";
			};
			name = Debug;
		};
		D088E7491CB2E7F800EECDB3 /* Release */ = {
			isa = XCBuildConfiguration;
			buildSettings = {
				ASSETCATALOG_COMPILER_APPICON_NAME = AppIcon;
				INFOPLIST_FILE = PokedexFinal/Info.plist;
				LD_RUNPATH_SEARCH_PATHS = "$(inherited) @executable_path/Frameworks";
				PRODUCT_BUNDLE_IDENTIFIER = treen9neTechnology.PokedexFinal;
				PRODUCT_NAME = "$(TARGET_NAME)";
			};
			name = Release;
		};
		D088E74B1CB2E7F800EECDB3 /* Debug */ = {
			isa = XCBuildConfiguration;
			buildSettings = {
				BUNDLE_LOADER = "$(TEST_HOST)";
				INFOPLIST_FILE = PokedexFinalTests/Info.plist;
				LD_RUNPATH_SEARCH_PATHS = "$(inherited) @executable_path/Frameworks @loader_path/Frameworks";
				PRODUCT_BUNDLE_IDENTIFIER = treen9neTechnology.PokedexFinalTests;
				PRODUCT_NAME = "$(TARGET_NAME)";
				TEST_HOST = "$(BUILT_PRODUCTS_DIR)/PokedexFinal.app/PokedexFinal";
			};
			name = Debug;
		};
		D088E74C1CB2E7F800EECDB3 /* Release */ = {
			isa = XCBuildConfiguration;
			buildSettings = {
				BUNDLE_LOADER = "$(TEST_HOST)";
				INFOPLIST_FILE = PokedexFinalTests/Info.plist;
				LD_RUNPATH_SEARCH_PATHS = "$(inherited) @executable_path/Frameworks @loader_path/Frameworks";
				PRODUCT_BUNDLE_IDENTIFIER = treen9neTechnology.PokedexFinalTests;
				PRODUCT_NAME = "$(TARGET_NAME)";
				TEST_HOST = "$(BUILT_PRODUCTS_DIR)/PokedexFinal.app/PokedexFinal";
			};
			name = Release;
		};
/* End XCBuildConfiguration section */

/* Begin XCConfigurationList section */
		D088E7251CB2E7F800EECDB3 /* Build configuration list for PBXProject "PokedexFinal" */ = {
			isa = XCConfigurationList;
			buildConfigurations = (
				D088E7451CB2E7F800EECDB3 /* Debug */,
				D088E7461CB2E7F800EECDB3 /* Release */,
			);
			defaultConfigurationIsVisible = 0;
			defaultConfigurationName = Release;
		};
		D088E7471CB2E7F800EECDB3 /* Build configuration list for PBXNativeTarget "PokedexFinal" */ = {
			isa = XCConfigurationList;
			buildConfigurations = (
				D088E7481CB2E7F800EECDB3 /* Debug */,
				D088E7491CB2E7F800EECDB3 /* Release */,
			);
			defaultConfigurationIsVisible = 0;
		};
		D088E74A1CB2E7F800EECDB3 /* Build configuration list for PBXNativeTarget "PokedexFinalTests" */ = {
			isa = XCConfigurationList;
			buildConfigurations = (
				D088E74B1CB2E7F800EECDB3 /* Debug */,
				D088E74C1CB2E7F800EECDB3 /* Release */,
			);
			defaultConfigurationIsVisible = 0;
		};
/* End XCConfigurationList section */
	};
	rootObject = D088E7221CB2E7F800EECDB3 /* Project object */;
}
